<?xml version="1.0" encoding="UTF-8" standalone="yes" ?>
<CodeBlocks_project_file>
	<FileVersion major="1" minor="6" />
	<Project>
		<Option title="Space Blocks" />
		<Option platforms="Unix;" />
		<Option pch_mode="2" />
		<Option compiler="gcc" />
		<Build>
			<Target title="Debug">
				<Option platforms="Unix;" />
				<Option output="bin/Debug/SpaceBlocks" prefix_auto="1" extension_auto="1" />
				<Option object_output="obj/Debug/" />
				<Option type="0" />
				<Option compiler="gcc" />
				<Compiler>
					<Add option="-g" />
					<Add directory="include" />
				</Compiler>
			</Target>
			<Target title="Release">
				<Option platforms="Unix;" />
				<Option output="bin/Release/SpaceBlocks" prefix_auto="1" extension_auto="1" />
				<Option object_output="obj/Release/" />
				<Option type="0" />
				<Option compiler="gcc" />
				<Compiler>
					<Add option="-O2" />
					<Add directory="include" />
				</Compiler>
				<Linker>
					<Add option="-s" />
				</Linker>
			</Target>
		</Build>
		<Compiler>
			<Add option="-Wall" />
		</Compiler>
		<Linker>
			<Add option="-lSDL2" />
			<Add option="-lSDL2_image" />
			<Add option="-lSDL2_ttf" />
			<Add option="-lSDL2_mixer" />
		</Linker>
		<Unit filename="include/Board.h" />
		<Unit filename="include/Game.h" />
		<Unit filename="include/GameInfo.h" />
		<Unit filename="include/GameMenu.h" />
		<Unit filename="include/GameOver.h" />
		<Unit filename="include/IO.h" />
		<Unit filename="include/MainGame.h" />
		<Unit filename="include/Menu.h" />
		<Unit filename="include/Piece.h" />
		<Unit filename="include/ScoreContainer.h" />
		<Unit filename="include/StateChanger.h" />
		<Unit filename="include/Timer.h" />
		<Unit filename="main.cpp" />
		<Unit filename="src/Board.cpp" />
		<Unit filename="src/Game.cpp" />
		<Unit filename="src/GameInfo.cpp" />
		<Unit filename="src/GameMenu.cpp" />
		<Unit filename="src/GameOver.cpp" />
		<Unit filename="src/IO.cpp" />
		<Unit filename="src/MainGame.cpp" />
		<Unit filename="src/Menu.cpp" />
		<Unit filename="src/Piece.cpp" />
		<Unit filename="src/StateChanger.cpp" />
		<Unit filename="src/Timer.cpp" />
		<Extensions>
			<code_completion />
			<envvars />
			<debugger />
			<lib_finder disable_auto="1" />
		</Extensions>
	</Project>
</CodeBlocks_project_file>
